
Microsoft Visual Studio Solution File, Format Version 12.00
# Visual Studio Version 17
VisualStudioVersion = 17.1.32328.378
MinimumVisualStudioVersion = 10.0.40219.1
Project("{FAE04EC0-301F-11D3-BF4B-00C04F79EFBC}") = "SP4", "SP4\SP4.csproj", "{4710877C-61CE-486C-B889-5EEC1B8D6CAE}"
EndProject
Global
	GlobalSection(SolutionConfigurationPlatforms) = preSolution
		Debug|Any CPU = Debug|Any CPU
		Release|Any CPU = Release|Any CPU
	EndGlobalSection
	GlobalSection(ProjectConfigurationPlatforms) = postSolution
		{4710877C-61CE-486C-B889-5EEC1B8D6CAE}.Debug|Any CPU.ActiveCfg = Debug|Any CPU
		{4710877C-61CE-486C-B889-5EEC1B8D6CAE}.Debug|Any CPU.Build.0 = Debug|Any CPU
		{4710877C-61CE-486C-B889-5EEC1B8D6CAE}.Release|Any CPU.ActiveCfg = Release|Any CPU
		{4710877C-61CE-486C-B889-5EEC1B8D6CAE}.Release|Any CPU.Build.0 = Release|Any CPU
	EndGlobalSection
	GlobalSection(SolutionProperties) = preSolution
		HideSolutionNode = FALSE
	EndGlobalSection
	GlobalSection(ExtensibilityGlobals) = postSolution
		SolutionGuid = {F6769E22-F148-445C-8353-ECCD0364638E}
	EndGlobalSection
EndGlobal
